
Microsoft Visual Studio Solution File, Format Version 12.00
# Visual Studio Version 17
VisualStudioVersion = 17.1.32210.238
MinimumVisualStudioVersion = 10.0.40219.1
Project("{9A19103F-16F7-4668-BE54-9A1E7A4F7556}") = "ED_02", "ED_02\ED_02.csproj", "{851054E4-2156-43F4-90A4-23964C95A841}"
EndProject
Project("{FAE04EC0-301F-11D3-BF4B-00C04F79EFBC}") = "Biblioteca", "Biblioteca\Biblioteca.csproj", "{76EC0D10-5F32-4922-AE4D-398A98FC1C17}"
EndProject
Global
	GlobalSection(SolutionConfigurationPlatforms) = preSolution
		Debug|Any CPU = Debug|Any CPU
		Release|Any CPU = Release|Any CPU
	EndGlobalSection
	GlobalSection(ProjectConfigurationPlatforms) = postSolution
		{851054E4-2156-43F4-90A4-23964C95A841}.Debug|Any CPU.ActiveCfg = Debug|Any CPU
		{851054E4-2156-43F4-90A4-23964C95A841}.Debug|Any CPU.Build.0 = Debug|Any CPU
		{851054E4-2156-43F4-90A4-23964C95A841}.Release|Any CPU.ActiveCfg = Release|Any CPU
		{851054E4-2156-43F4-90A4-23964C95A841}.Release|Any CPU.Build.0 = Release|Any CPU
		{76EC0D10-5F32-4922-AE4D-398A98FC1C17}.Debug|Any CPU.ActiveCfg = Debug|Any CPU
		{76EC0D10-5F32-4922-AE4D-398A98FC1C17}.Debug|Any CPU.Build.0 = Debug|Any CPU
		{76EC0D10-5F32-4922-AE4D-398A98FC1C17}.Release|Any CPU.ActiveCfg = Release|Any CPU
		{76EC0D10-5F32-4922-AE4D-398A98FC1C17}.Release|Any CPU.Build.0 = Release|Any CPU
	EndGlobalSection
	GlobalSection(SolutionProperties) = preSolution
		HideSolutionNode = FALSE
	EndGlobalSection
	GlobalSection(ExtensibilityGlobals) = postSolution
		SolutionGuid = {63B0740B-BAF5-4FA7-B2DB-6BCC356A8974}
	EndGlobalSection
EndGlobal
